
Microsoft Visual Studio Solution File, Format Version 12.00
# Visual Studio 2015
Project("{FAE04EC0-301F-11D3-BF4B-00C04F79EFBC}") = "OpenWorldVR.CSharp", "OpenWorldVR.CSharp.csproj", "{2BB440D7-CB1C-2621-8F1C-149C9519E7FE}"
EndProject
Project("{FAE04EC0-301F-11D3-BF4B-00C04F79EFBC}") = "OpenWorldVR.CSharp.Editor", "OpenWorldVR.CSharp.Editor.csproj", "{38CF214C-0E39-5720-DFDA-495BEB70BCD2}"
EndProject
Global
	GlobalSection(SolutionConfigurationPlatforms) = preSolution
		Debug|Any CPU = Debug|Any CPU
		Release|Any CPU = Release|Any CPU
	EndGlobalSection
	GlobalSection(ProjectConfigurationPlatforms) = postSolution
		{2BB440D7-CB1C-2621-8F1C-149C9519E7FE}.Debug|Any CPU.ActiveCfg = Debug|Any CPU
		{2BB440D7-CB1C-2621-8F1C-149C9519E7FE}.Debug|Any CPU.Build.0 = Debug|Any CPU
		{2BB440D7-CB1C-2621-8F1C-149C9519E7FE}.Release|Any CPU.ActiveCfg = Release|Any CPU
		{2BB440D7-CB1C-2621-8F1C-149C9519E7FE}.Release|Any CPU.Build.0 = Release|Any CPU
		{38CF214C-0E39-5720-DFDA-495BEB70BCD2}.Debug|Any CPU.ActiveCfg = Debug|Any CPU
		{38CF214C-0E39-5720-DFDA-495BEB70BCD2}.Debug|Any CPU.Build.0 = Debug|Any CPU
		{38CF214C-0E39-5720-DFDA-495BEB70BCD2}.Release|Any CPU.ActiveCfg = Release|Any CPU
		{38CF214C-0E39-5720-DFDA-495BEB70BCD2}.Release|Any CPU.Build.0 = Release|Any CPU
	EndGlobalSection
	GlobalSection(SolutionProperties) = preSolution
		HideSolutionNode = FALSE
	EndGlobalSection
EndGlobal
